
Microsoft Visual Studio Solution File, Format Version 12.00
# Visual Studio 15
VisualStudioVersion = 15.0.28307.1500
MinimumVisualStudioVersion = 10.0.40219.1
Project("{FAE04EC0-301F-11D3-BF4B-00C04F79EFBC}") = "Tick-Tac-Toe", "Tick-Tac-Toe\Tick-Tac-Toe.csproj", "{E8626A0F-3AC6-4B79-9A4C-53516DD0C5BB}"
EndProject
Global
	GlobalSection(SolutionConfigurationPlatforms) = preSolution
		Debug|Any CPU = Debug|Any CPU
		Release|Any CPU = Release|Any CPU
	EndGlobalSection
	GlobalSection(ProjectConfigurationPlatforms) = postSolution
		{E8626A0F-3AC6-4B79-9A4C-53516DD0C5BB}.Debug|Any CPU.ActiveCfg = Debug|Any CPU
		{E8626A0F-3AC6-4B79-9A4C-53516DD0C5BB}.Debug|Any CPU.Build.0 = Debug|Any CPU
		{E8626A0F-3AC6-4B79-9A4C-53516DD0C5BB}.Release|Any CPU.ActiveCfg = Release|Any CPU
		{E8626A0F-3AC6-4B79-9A4C-53516DD0C5BB}.Release|Any CPU.Build.0 = Release|Any CPU
	EndGlobalSection
	GlobalSection(SolutionProperties) = preSolution
		HideSolutionNode = FALSE
	EndGlobalSection
	GlobalSection(ExtensibilityGlobals) = postSolution
		SolutionGuid = {DAE4EC9E-033F-4D78-9C2A-CA90EB638EEB}
	EndGlobalSection
EndGlobal
